
Microsoft Visual Studio Solution File, Format Version 12.00
# Visual Studio Version 16
VisualStudioVersion = 16.0.31702.278
MinimumVisualStudioVersion = 10.0.40219.1
Project("{FAE04EC0-301F-11D3-BF4B-00C04F79EFBC}") = "Lab1_Geometry2D", "Lab1_Geometry2D.csproj", "{4C9F9CEC-D335-4E8C-BA27-A721F10482F2}"
EndProject
Project("{FAE04EC0-301F-11D3-BF4B-00C04F79EFBC}") = "Geomatery2DUnitTest", "..\Geomatery2DUnitTest\Geomatery2DUnitTest.csproj", "{0CAAD578-5D2D-4F44-88F0-756BB73ACA2B}"
EndProject
Global
	GlobalSection(SolutionConfigurationPlatforms) = preSolution
		Debug|Any CPU = Debug|Any CPU
		Release|Any CPU = Release|Any CPU
	EndGlobalSection
	GlobalSection(ProjectConfigurationPlatforms) = postSolution
		{4C9F9CEC-D335-4E8C-BA27-A721F10482F2}.Debug|Any CPU.ActiveCfg = Debug|Any CPU
		{4C9F9CEC-D335-4E8C-BA27-A721F10482F2}.Debug|Any CPU.Build.0 = Debug|Any CPU
		{4C9F9CEC-D335-4E8C-BA27-A721F10482F2}.Release|Any CPU.ActiveCfg = Release|Any CPU
		{4C9F9CEC-D335-4E8C-BA27-A721F10482F2}.Release|Any CPU.Build.0 = Release|Any CPU
		{0CAAD578-5D2D-4F44-88F0-756BB73ACA2B}.Debug|Any CPU.ActiveCfg = Debug|Any CPU
		{0CAAD578-5D2D-4F44-88F0-756BB73ACA2B}.Debug|Any CPU.Build.0 = Debug|Any CPU
		{0CAAD578-5D2D-4F44-88F0-756BB73ACA2B}.Release|Any CPU.ActiveCfg = Release|Any CPU
		{0CAAD578-5D2D-4F44-88F0-756BB73ACA2B}.Release|Any CPU.Build.0 = Release|Any CPU
	EndGlobalSection
	GlobalSection(SolutionProperties) = preSolution
		HideSolutionNode = FALSE
	EndGlobalSection
	GlobalSection(ExtensibilityGlobals) = postSolution
		SolutionGuid = {B9A992B3-7138-4A92-8578-7EDFE4664DC3}
	EndGlobalSection
EndGlobal
